
Microsoft Visual Studio Solution File, Format Version 12.00
# Visual Studio Version 16
VisualStudioVersion = 16.0.30804.86
MinimumVisualStudioVersion = 10.0.40219.1
Project("{FAE04EC0-301F-11D3-BF4B-00C04F79EFBC}") = "Multilingual", "Multilingual.csproj", "{0A2FDE83-1A5D-4A10-BC98-878DCDD63262}"
EndProject
Global
	GlobalSection(SolutionConfigurationPlatforms) = preSolution
		Debug|Any CPU = Debug|Any CPU
		Release|Any CPU = Release|Any CPU
	EndGlobalSection
	GlobalSection(ProjectConfigurationPlatforms) = postSolution
		{0A2FDE83-1A5D-4A10-BC98-878DCDD63262}.Debug|Any CPU.ActiveCfg = Debug|Any CPU
		{0A2FDE83-1A5D-4A10-BC98-878DCDD63262}.Debug|Any CPU.Build.0 = Debug|Any CPU
		{0A2FDE83-1A5D-4A10-BC98-878DCDD63262}.Release|Any CPU.ActiveCfg = Release|Any CPU
		{0A2FDE83-1A5D-4A10-BC98-878DCDD63262}.Release|Any CPU.Build.0 = Release|Any CPU
	EndGlobalSection
	GlobalSection(SolutionProperties) = preSolution
		HideSolutionNode = FALSE
	EndGlobalSection
	GlobalSection(ExtensibilityGlobals) = postSolution
		SolutionGuid = {F4D5AA29-B64B-4201-9675-9B025B4381A0}
	EndGlobalSection
EndGlobal
